
Microsoft Visual Studio Solution File, Format Version 12.00
# Visual Studio Version 17
VisualStudioVersion = 17.5.002.0
MinimumVisualStudioVersion = 10.0.40219.1
Project("{9A19103F-16F7-4668-BE54-9A1E7A4F7556}") = "webhookreceiver", "webhookreceiver.csproj", "{4E5B9AC3-9CB6-4F48-AABC-0E5B0A20DE2E}"
EndProject
Global
	GlobalSection(SolutionConfigurationPlatforms) = preSolution
		Debug|Any CPU = Debug|Any CPU
		Release|Any CPU = Release|Any CPU
	EndGlobalSection
	GlobalSection(ProjectConfigurationPlatforms) = postSolution
		{4E5B9AC3-9CB6-4F48-AABC-0E5B0A20DE2E}.Debug|Any CPU.ActiveCfg = Debug|Any CPU
		{4E5B9AC3-9CB6-4F48-AABC-0E5B0A20DE2E}.Debug|Any CPU.Build.0 = Debug|Any CPU
		{4E5B9AC3-9CB6-4F48-AABC-0E5B0A20DE2E}.Release|Any CPU.ActiveCfg = Release|Any CPU
		{4E5B9AC3-9CB6-4F48-AABC-0E5B0A20DE2E}.Release|Any CPU.Build.0 = Release|Any CPU
	EndGlobalSection
	GlobalSection(SolutionProperties) = preSolution
		HideSolutionNode = FALSE
	EndGlobalSection
	GlobalSection(ExtensibilityGlobals) = postSolution
		SolutionGuid = {4D106211-FE1C-4DFF-B2D9-B86D2D7B955B}
	EndGlobalSection
EndGlobal
